
Microsoft Visual Studio Solution File, Format Version 12.00
# Visual Studio Version 16
VisualStudioVersion = 16.0.29411.108
MinimumVisualStudioVersion = 10.0.40219.1
Project("{FAE04EC0-301F-11D3-BF4B-00C04F79EFBC}") = "Dynamcis365CEPlugInCustomWorkFlowUnitTest", "Dynamcis365CEPlugInCustomWorkFlowUnitTest.csproj", "{B98299C4-8040-4478-ADEF-2DC45D03CFE4}"
EndProject
Global
	GlobalSection(SolutionConfigurationPlatforms) = preSolution
		Debug|Any CPU = Debug|Any CPU
		Release|Any CPU = Release|Any CPU
	EndGlobalSection
	GlobalSection(ProjectConfigurationPlatforms) = postSolution
		{B98299C4-8040-4478-ADEF-2DC45D03CFE4}.Debug|Any CPU.ActiveCfg = Debug|Any CPU
		{B98299C4-8040-4478-ADEF-2DC45D03CFE4}.Debug|Any CPU.Build.0 = Debug|Any CPU
		{B98299C4-8040-4478-ADEF-2DC45D03CFE4}.Release|Any CPU.ActiveCfg = Release|Any CPU
		{B98299C4-8040-4478-ADEF-2DC45D03CFE4}.Release|Any CPU.Build.0 = Release|Any CPU
	EndGlobalSection
	GlobalSection(SolutionProperties) = preSolution
		HideSolutionNode = FALSE
	EndGlobalSection
	GlobalSection(ExtensibilityGlobals) = postSolution
		SolutionGuid = {FBB31E57-7E96-46B4-8A8F-42B4146D0FBE}
	EndGlobalSection
EndGlobal
